// !$*UTF8*$!
{
	archiveVersion = 1;
	classes = {
	};
	objectVersion = 50;
	objects = {

/* Begin PBXBuildFile section */
		8D17ECAA23F7106200C68CC7 /* AppDelegate.swift in Sources */ = {isa = PBXBuildFile; fileRef = 8D17ECA923F7106200C68CC7 /* AppDelegate.swift */; };
		8D17ECAC23F7106200C68CC7 /* SceneDelegate.swift in Sources */ = {isa = PBXBuildFile; fileRef = 8D17ECAB23F7106200C68CC7 /* SceneDelegate.swift */; };
		8D17ECAE23F7106200C68CC7 /* ContentView.swift in Sources */ = {isa = PBXBuildFile; fileRef = 8D17ECAD23F7106200C68CC7 /* ContentView.swift */; };
		8D17ECB023F7106400C68CC7 /* Assets.xcassets in Resources */ = {isa = PBXBuildFile; fileRef = 8D17ECAF23F7106400C68CC7 /* Assets.xcassets */; };
		8D17ECB323F7106400C68CC7 /* Preview Assets.xcassets in Resources */ = {isa = PBXBuildFile; fileRef = 8D17ECB223F7106400C68CC7 /* Preview Assets.xcassets */; };
		8D17ECB623F7106400C68CC7 /* LaunchScreen.storyboard in Resources */ = {isa = PBXBuildFile; fileRef = 8D17ECB423F7106400C68CC7 /* LaunchScreen.storyboard */; };
/* End PBXBuildFile section */

/* Begin PBXFileReference section */
		8D17ECA623F7106200C68CC7 /* detecting-number-of-faces.app */ = {isa = PBXFileReference; explicitFileType = wrapper.application; includeInIndex = 0; path = "detecting-number-of-faces.app"; sourceTree = BUILT_PRODUCTS_DIR; };
		8D17ECA923F7106200C68CC7 /* AppDelegate.swift */ = {isa = PBXFileReference; lastKnownFileType = sourcecode.swift; path = AppDelegate.swift; sourceTree = "<group>"; };
		8D17ECAB23F7106200C68CC7 /* SceneDelegate.swift */ = {isa = PBXFileReference; lastKnownFileType = sourcecode.swift; path = SceneDelegate.swift; sourceTree = "<group>"; };
		8D17ECAD23F7106200C68CC7 /* ContentView.swift */ = {isa = PBXFileReference; lastKnownFileType = sourcecode.swift; path = ContentView.swift; sourceTree = "<group>"; };
		8D17ECAF23F7106400C68CC7 /* Assets.xcassets */ = {isa = PBXFileReference; lastKnownFileType = folder.assetcatalog; path = Assets.xcassets; sourceTree = "<group>"; };
		8D17ECB223F7106400C68CC7 /* Preview Assets.xcassets */ = {isa = PBXFileReference; lastKnownFileType = folder.assetcatalog; path = "Preview Assets.xcassets"; sourceTree = "<group>"; };
		8D17ECB523F7106400C68CC7 /* Base */ = {isa = PBXFileReference; lastKnownFileType = file.storyboard; name = Base; path = Base.lproj/LaunchScreen.storyboard; sourceTree = "<group>"; };
		8D17ECB723F7106400C68CC7 /* Info.plist */ = {isa = PBXFileReference; lastKnownFileType = text.plist.xml; path = Info.plist; sourceTree = "<group>"; };
/* End PBXFileReference section */

/* Begin PBXFrameworksBuildPhase section */
		8D17ECA323F7106100C68CC7 /* Frameworks */ = {
			isa = PBXFrameworksBuildPhase;
			buildActionMask = 2147483647;
			files = (
			);
			runOnlyForDeploymentPostprocessing = 0;
		};
/* End PBXFrameworksBuildPhase section */

/* Begin PBXGroup section */
		8D17EC9D23F7106100C68CC7 = {
			isa = PBXGroup;
			children = (
				8D17ECA823F7106200C68CC7 /* detecting-number-of-faces */,
				8D17ECA723F7106200C68CC7 /* Products */,
			);
			sourceTree = "<group>";
		};
		8D17ECA723F7106200C68CC7 /* Products */ = {
			isa = PBXGroup;
			children = (
				8D17ECA623F7106200C68CC7 /* detecting-number-of-faces.app */,
			);
			name = Products;
			sourceTree = "<group>";
		};
		8D17ECA823F7106200C68CC7 /* detecting-number-of-faces */ = {
			isa = PBXGroup;
			children = (
				8D17ECA923F7106200C68CC7 /* AppDelegate.swift */,
				8D17ECAB23F7106200C68CC7 /* SceneDelegate.swift */,
				8D17ECAD23F7106200C68CC7 /* ContentView.swift */,
				8D17ECAF23F7106400C68CC7 /* Assets.xcassets */,
				8D17ECB423F7106400C68CC7 /* LaunchScreen.storyboard */,
				8D17ECB723F7106400C68CC7 /* Info.plist */,
				8D17ECB123F7106400C68CC7 /* Preview Content */,
			);
			path = "detecting-number-of-faces";
			sourceTree = "<group>";
		};
		8D17ECB123F7106400C68CC7 /* Preview Content */ = {
			isa = PBXGroup;
			children = (
				8D17ECB223F7106400C68CC7 /* Preview Assets.xcassets */,
			);
			path = "Preview Content";
			sourceTree = "<group>";
		};
/* End PBXGroup section */

/* Begin PBXNativeTarget section */
		8D17ECA523F7106100C68CC7 /* detecting-number-of-faces */ = {
			isa = PBXNativeTarget;
			buildConfigurationList = 8D17ECBA23F7106400C68CC7 /* Build configuration list for PBXNativeTarget "detecting-number-of-faces" */;
			buildPhases = (
				8D17ECA223F7106100C68CC7 /* Sources */,
				8D17ECA323F7106100C68CC7 /* Frameworks */,
				8D17ECA423F7106100C68CC7 /* Resources */,
			);
			buildRules = (
			);
			dependencies = (
			);
			name = "detecting-number-of-faces";
			productName = "detecting-number-of-faces";
			productReference = 8D17ECA623F7106200C68CC7 /* detecting-number-of-faces.app */;
			productType = "com.apple.product-type.application";
		};
/* End PBXNativeTarget section */

/* Begin PBXProject section */
		8D17EC9E23F7106100C68CC7 /* Project object */ = {
			isa = PBXProject;
			attributes = {
				LastSwiftUpdateCheck = 1130;
				LastUpgradeCheck = 1130;
				ORGANIZATIONNAME = "Mohammad Azam";
				TargetAttributes = {
					8D17ECA523F7106100C68CC7 = {
						CreatedOnToolsVersion = 11.3.1;
					};
				};
			};
			buildConfigurationList = 8D17ECA123F7106100C68CC7 /* Build configuration list for PBXProject "detecting-number-of-faces" */;
			compatibilityVersion = "Xcode 9.3";
			developmentRegion = en;
			hasScannedForEncodings = 0;
			knownRegions = (
				en,
				Base,
			);
			mainGroup = 8D17EC9D23F7106100C68CC7;
			productRefGroup = 8D17ECA723F7106200C68CC7 /* Products */;
			projectDirPath = "";
			projectRoot = "";
			targets = (
				8D17ECA523F7106100C68CC7 /* detecting-number-of-faces */,
			);
		};
/* End PBXProject section */

/* Begin PBXResourcesBuildPhase section */
		8D17ECA423F7106100C68CC7 /* Resources */ = {
			isa = PBXResourcesBuildPhase;
			buildActionMask = 2147483647;
			files = (
				8D17ECB623F7106400C68CC7 /* LaunchScreen.storyboard in Resources */,
				8D17ECB323F7106400C68CC7 /* Preview Assets.xcassets in Resources */,
				8D17ECB023F7106400C68CC7 /* Assets.xcassets in Resources */,
			);
			runOnlyForDeploymentPostprocessing = 0;
		};
/* End PBXResourcesBuildPhase section */

/* Begin PBXSourcesBuildPhase section */
		8D17ECA223F7106100C68CC7 /* Sources */ = {
			isa = PBXSourcesBuildPhase;
			buildActionMask = 2147483647;
			files = (
				8D17ECAA23F7106200C68CC7 /* AppDelegate.swift in Sources */,
				8D17ECAC23F7106200C68CC7 /* SceneDelegate.swift in Sources */,
				8D17ECAE23F7106200C68CC7 /* ContentView.swift in Sources */,
			);
			runOnlyForDeploymentPostprocessing = 0;
		};
/* End PBXSourcesBuildPhase section */

/* Begin PBXVariantGroup section */
		8D17ECB423F7106400C68CC7 /* LaunchScreen.storyboard */ = {
			isa = PBXVariantGroup;
			children = (
				8D17ECB523F7106400C68CC7 /* Base */,
			);
			name = LaunchScreen.storyboard;
			sourceTree = "<group>";
		};
/* End PBXVariantGroup section */

/* Begin XCBuildConfiguration section */
		8D17ECB823F7106400C68CC7 /* Debug */ = {
			isa = XCBuildConfiguration;
			buildSettings = {
				ALWAYS_SEARCH_USER_PATHS = NO;
				CLANG_ANALYZER_NONNULL = YES;
				CLANG_ANALYZER_NUMBER_OBJECT_CONVERSION = YES_AGGRESSIVE;
				CLANG_CXX_LANGUAGE_STANDARD = "gnu++14";
				CLANG_CXX_LIBRARY = "libc++";
				CLANG_ENABLE_MODULES = YES;
				CLANG_ENABLE_OBJC_ARC = YES;
				CLANG_ENABLE_OBJC_WEAK = YES;
				CLANG_WARN_BLOCK_CAPTURE_AUTORELEASING = YES;
				CLANG_WARN_BOOL_CONVERSION = YES;
				CLANG_WARN_COMMA = YES;
				CLANG_WARN_CONSTANT_CONVERSION = YES;
				CLANG_WARN_DEPRECATED_OBJC_IMPLEMENTATIONS = YES;
				CLANG_WARN_DIRECT_OBJC_ISA_USAGE = YES_ERROR;
				CLANG_WARN_DOCUMENTATION_COMMENTS = YES;
				CLANG_WARN_EMPTY_BODY = YES;
				CLANG_WARN_ENUM_CONVERSION = YES;
				CLANG_WARN_INFINITE_RECURSION = YES;
				CLANG_WARN_INT_CONVERSION = YES;
				CLANG_WARN_NON_LITERAL_NULL_CONVERSION = YES;
				CLANG_WARN_OBJC_IMPLICIT_RETAIN_SELF = YES;
				CLANG_WARN_OBJC_LITERAL_CONVERSION = YES;
				CLANG_WARN_OBJC_ROOT_CLASS = YES_ERROR;
				CLANG_WARN_RANGE_LOOP_ANALYSIS = YES;
				CLANG_WARN_STRICT_PROTOTYPES = YES;
				CLANG_WARN_SUSPICIOUS_MOVE = YES;
				CLANG_WARN_UNGUARDED_AVAILABILITY = YES_AGGRESSIVE;
				CLANG_WARN_UNREACHABLE_CODE = YES;
				CLANG_WARN__DUPLICATE_METHOD_MATCH = YES;
				COPY_PHASE_STRIP = NO;
				DEBUG_INFORMATION_FORMAT = dwarf;
				ENABLE_STRICT_OBJC_MSGSEND = YES;
				ENABLE_TESTABILITY = YES;
				GCC_C_LANGUAGE_STANDARD = gnu11;
				GCC_DYNAMIC_NO_PIC = NO;
				GCC_NO_COMMON_BLOCKS = YES;
				GCC_OPTIMIZATION_LEVEL = 0;
				GCC_PREPROCESSOR_DEFINITIONS = (
					"DEBUG=1",
					"$(inherited)",
				);
				GCC_WARN_64_TO_32_BIT_CONVERSION = YES;
				GCC_WARN_ABOUT_RETURN_TYPE = YES_ERROR;
				GCC_WARN_UNDECLARED_SELECTOR = YES;
				GCC_WARN_UNINITIALIZED_AUTOS = YES_AGGRESSIVE;
				GCC_WARN_UNUSED_FUNCTION = YES;
				GCC_WARN_UNUSED_VARIABLE = YES;
				IPHONEOS_DEPLOYMENT_TARGET = 13.2;
				MTL_ENABLE_DEBUG_INFO = INCLUDE_SOURCE;
				MTL_FAST_MATH = YES;
				ONLY_ACTIVE_ARCH = YES;
				SDKROOT = iphoneos;
				SWIFT_ACTIVE_COMPILATION_CONDITIONS = DEBUG;
				SWIFT_OPTIMIZATION_LEVEL = "-Onone";
			};
			name = Debug;
		};
		8D17ECB923F7106400C68CC7 /* Release */ = {
			isa = XCBuildConfiguration;
			buildSettings = {
				ALWAYS_SEARCH_USER_PATHS = NO;
				CLANG_ANALYZER_NONNULL = YES;
				CLANG_ANALYZER_NUMBER_OBJECT_CONVERSION = YES_AGGRESSIVE;
				CLANG_CXX_LANGUAGE_STANDARD = "gnu++14";
				CLANG_CXX_LIBRARY = "libc++";
				CLANG_ENABLE_MODULES = YES;
				CLANG_ENABLE_OBJC_ARC = YES;
				CLANG_ENABLE_OBJC_WEAK = YES;
				CLANG_WARN_BLOCK_CAPTURE_AUTORELEASING = YES;
				CLANG_WARN_BOOL_CONVERSION = YES;
				CLANG_WARN_COMMA = YES;
				CLANG_WARN_CONSTANT_CONVERSION = YES;
				CLANG_WARN_DEPRECATED_OBJC_IMPLEMENTATIONS = YES;
				CLANG_WARN_DIRECT_OBJC_ISA_USAGE = YES_ERROR;
				CLANG_WARN_DOCUMENTATION_COMMENTS = YES;
				CLANG_WARN_EMPTY_BODY = YES;
				CLANG_WARN_ENUM_CONVERSION = YES;
				CLANG_WARN_INFINITE_RECURSION = YES;
				CLANG_WARN_INT_CONVERSION = YES;
				CLANG_WARN_NON_LITERAL_NULL_CONVERSION = YES;
				CLANG_WARN_OBJC_IMPLICIT_RETAIN_SELF = YES;
				CLANG_WARN_OBJC_LITERAL_CONVERSION = YES;
				CLANG_WARN_OBJC_ROOT_CLASS = YES_ERROR;
				CLANG_WARN_RANGE_LOOP_ANALYSIS = YES;
				CLANG_WARN_STRICT_PROTOTYPES = YES;
				CLANG_WARN_SUSPICIOUS_MOVE = YES;
				CLANG_WARN_UNGUARDED_AVAILABILITY = YES_AGGRESSIVE;
				CLANG_WARN_UNREACHABLE_CODE = YES;
				CLANG_WARN__DUPLICATE_METHOD_MATCH = YES;
				COPY_PHASE_STRIP = NO;
				DEBUG_INFORMATION_FORMAT = "dwarf-with-dsym";
				ENABLE_NS_ASSERTIONS = NO;
				ENABLE_STRICT_OBJC_MSGSEND = YES;
				GCC_C_LANGUAGE_STANDARD = gnu11;
				GCC_NO_COMMON_BLOCKS = YES;
				GCC_WARN_64_TO_32_BIT_CONVERSION = YES;
				GCC_WARN_ABOUT_RETURN_TYPE = YES_ERROR;
				GCC_WARN_UNDECLARED_SELECTOR = YES;
				GCC_WARN_UNINITIALIZED_AUTOS = YES_AGGRESSIVE;
				GCC_WARN_UNUSED_FUNCTION = YES;
				GCC_WARN_UNUSED_VARIABLE = YES;
				IPHONEOS_DEPLOYMENT_TARGET = 13.2;
				MTL_ENABLE_DEBUG_INFO = NO;
				MTL_FAST_MATH = YES;
				SDKROOT = iphoneos;
				SWIFT_COMPILATION_MODE = wholemodule;
				SWIFT_OPTIMIZATION_LEVEL = "-O";
				VALIDATE_PRODUCT = YES;
			};
			name = Release;
		};
		8D17ECBB23F7106400C68CC7 /* Debug */ = {
			isa = XCBuildConfiguration;
			buildSettings = {
				ASSETCATALOG_COMPILER_APPICON_NAME = AppIcon;
				CODE_SIGN_STYLE = Automatic;
				DEVELOPMENT_ASSET_PATHS = "\"detecting-number-of-faces/Preview Content\"";
				DEVELOPMENT_TEAM = B2Q8EGNCQA;
				ENABLE_PREVIEWS = YES;
				INFOPLIST_FILE = "detecting-number-of-faces/Info.plist";
				LD_RUNPATH_SEARCH_PATHS = (
					"$(inherited)",
					"@executable_path/Frameworks",
				);
				PRODUCT_BUNDLE_IDENTIFIER = "com.azamsharp.detecting-number-of-faces";
				PRODUCT_NAME = "$(TARGET_NAME)";
				SWIFT_VERSION = 5.0;
				TARGETED_DEVICE_FAMILY = "1,2";
			};
			name = Debug;
		};
		8D17ECBC23F7106400C68CC7 /* Release */ = {
			isa = XCBuildConfiguration;
			buildSettings = {
				ASSETCATALOG_COMPILER_APPICON_NAME = AppIcon;
				CODE_SIGN_STYLE = Automatic;
				DEVELOPMENT_ASSET_PATHS = "\"detecting-number-of-faces/Preview Content\"";
				DEVELOPMENT_TEAM = B2Q8EGNCQA;
				ENABLE_PREVIEWS = YES;
				INFOPLIST_FILE = "detecting-number-of-faces/Info.plist";
				LD_RUNPATH_SEARCH_PATHS = (
					"$(inherited)",
					"@executable_path/Frameworks",
				);
				PRODUCT_BUNDLE_IDENTIFIER = "com.azamsharp.detecting-number-of-faces";
				PRODUCT_NAME = "$(TARGET_NAME)";
				SWIFT_VERSION = 5.0;
				TARGETED_DEVICE_FAMILY = "1,2";
			};
			name = Release;
		};
/* End XCBuildConfiguration section */

/* Begin XCConfigurationList section */
		8D17ECA123F7106100C68CC7 /* Build configuration list for PBXProject "detecting-number-of-faces" */ = {
			isa = XCConfigurationList;
			buildConfigurations = (
				8D17ECB823F7106400C68CC7 /* Debug */,
				8D17ECB923F7106400C68CC7 /* Release */,
			);
			defaultConfigurationIsVisible = 0;
			defaultConfigurationName = Release;
		};
		8D17ECBA23F7106400C68CC7 /* Build configuration list for PBXNativeTarget "detecting-number-of-faces" */ = {
			isa = XCConfigurationList;
			buildConfigurations = (
				8D17ECBB23F7106400C68CC7 /* Debug */,
				8D17ECBC23F7106400C68CC7 /* Release */,
			);
			defaultConfigurationIsVisible = 0;
			defaultConfigurationName = Release;
		};
/* End XCConfigurationList section */
	};
	rootObject = 8D17EC9E23F7106100C68CC7 /* Project object */;
}
