// !$*UTF8*$!
{
	archiveVersion = 1;
	classes = {
	};
	objectVersion = 50;
	objects = {

/* Begin PBXBuildFile section */
		E62AF10B251AFFB7005626A0 /* AppDelegate.swift in Sources */ = {isa = PBXBuildFile; fileRef = E62AF10A251AFFB7005626A0 /* AppDelegate.swift */; };
		E62AF10D251AFFB7005626A0 /* SceneDelegate.swift in Sources */ = {isa = PBXBuildFile; fileRef = E62AF10C251AFFB7005626A0 /* SceneDelegate.swift */; };
		E62AF10F251AFFB7005626A0 /* ContentView.swift in Sources */ = {isa = PBXBuildFile; fileRef = E62AF10E251AFFB7005626A0 /* ContentView.swift */; };
		E62AF111251AFFBC005626A0 /* Assets.xcassets in Resources */ = {isa = PBXBuildFile; fileRef = E62AF110251AFFBC005626A0 /* Assets.xcassets */; };
		E62AF114251AFFBC005626A0 /* Preview Assets.xcassets in Resources */ = {isa = PBXBuildFile; fileRef = E62AF113251AFFBC005626A0 /* Preview Assets.xcassets */; };
		E62AF117251AFFBC005626A0 /* LaunchScreen.storyboard in Resources */ = {isa = PBXBuildFile; fileRef = E62AF115251AFFBC005626A0 /* LaunchScreen.storyboard */; };
/* End PBXBuildFile section */

/* Begin PBXFileReference section */
		E62AF107251AFFB7005626A0 /* Speech-Recognition.app */ = {isa = PBXFileReference; explicitFileType = wrapper.application; includeInIndex = 0; path = "Speech-Recognition.app"; sourceTree = BUILT_PRODUCTS_DIR; };
		E62AF10A251AFFB7005626A0 /* AppDelegate.swift */ = {isa = PBXFileReference; lastKnownFileType = sourcecode.swift; path = AppDelegate.swift; sourceTree = "<group>"; };
		E62AF10C251AFFB7005626A0 /* SceneDelegate.swift */ = {isa = PBXFileReference; lastKnownFileType = sourcecode.swift; path = SceneDelegate.swift; sourceTree = "<group>"; };
		E62AF10E251AFFB7005626A0 /* ContentView.swift */ = {isa = PBXFileReference; lastKnownFileType = sourcecode.swift; path = ContentView.swift; sourceTree = "<group>"; };
		E62AF110251AFFBC005626A0 /* Assets.xcassets */ = {isa = PBXFileReference; lastKnownFileType = folder.assetcatalog; path = Assets.xcassets; sourceTree = "<group>"; };
		E62AF113251AFFBC005626A0 /* Preview Assets.xcassets */ = {isa = PBXFileReference; lastKnownFileType = folder.assetcatalog; path = "Preview Assets.xcassets"; sourceTree = "<group>"; };
		E62AF116251AFFBC005626A0 /* Base */ = {isa = PBXFileReference; lastKnownFileType = file.storyboard; name = Base; path = Base.lproj/LaunchScreen.storyboard; sourceTree = "<group>"; };
		E62AF118251AFFBC005626A0 /* Info.plist */ = {isa = PBXFileReference; lastKnownFileType = text.plist.xml; path = Info.plist; sourceTree = "<group>"; };
/* End PBXFileReference section */

/* Begin PBXFrameworksBuildPhase section */
		E62AF104251AFFB7005626A0 /* Frameworks */ = {
			isa = PBXFrameworksBuildPhase;
			buildActionMask = 2147483647;
			files = (
			);
			runOnlyForDeploymentPostprocessing = 0;
		};
/* End PBXFrameworksBuildPhase section */

/* Begin PBXGroup section */
		E62AF0FE251AFFB7005626A0 = {
			isa = PBXGroup;
			children = (
				E62AF109251AFFB7005626A0 /* Speech-Recognition */,
				E62AF108251AFFB7005626A0 /* Products */,
			);
			sourceTree = "<group>";
		};
		E62AF108251AFFB7005626A0 /* Products */ = {
			isa = PBXGroup;
			children = (
				E62AF107251AFFB7005626A0 /* Speech-Recognition.app */,
			);
			name = Products;
			sourceTree = "<group>";
		};
		E62AF109251AFFB7005626A0 /* Speech-Recognition */ = {
			isa = PBXGroup;
			children = (
				E62AF10A251AFFB7005626A0 /* AppDelegate.swift */,
				E62AF10C251AFFB7005626A0 /* SceneDelegate.swift */,
				E62AF10E251AFFB7005626A0 /* ContentView.swift */,
				E62AF110251AFFBC005626A0 /* Assets.xcassets */,
				E62AF115251AFFBC005626A0 /* LaunchScreen.storyboard */,
				E62AF118251AFFBC005626A0 /* Info.plist */,
				E62AF112251AFFBC005626A0 /* Preview Content */,
			);
			path = "Speech-Recognition";
			sourceTree = "<group>";
		};
		E62AF112251AFFBC005626A0 /* Preview Content */ = {
			isa = PBXGroup;
			children = (
				E62AF113251AFFBC005626A0 /* Preview Assets.xcassets */,
			);
			path = "Preview Content";
			sourceTree = "<group>";
		};
/* End PBXGroup section */

/* Begin PBXNativeTarget section */
		E62AF106251AFFB7005626A0 /* Speech-Recognition */ = {
			isa = PBXNativeTarget;
			buildConfigurationList = E62AF11B251AFFBC005626A0 /* Build configuration list for PBXNativeTarget "Speech-Recognition" */;
			buildPhases = (
				E62AF103251AFFB7005626A0 /* Sources */,
				E62AF104251AFFB7005626A0 /* Frameworks */,
				E62AF105251AFFB7005626A0 /* Resources */,
			);
			buildRules = (
			);
			dependencies = (
			);
			name = "Speech-Recognition";
			productName = "Speech-Recognition";
			productReference = E62AF107251AFFB7005626A0 /* Speech-Recognition.app */;
			productType = "com.apple.product-type.application";
		};
/* End PBXNativeTarget section */

/* Begin PBXProject section */
		E62AF0FF251AFFB7005626A0 /* Project object */ = {
			isa = PBXProject;
			attributes = {
				LastSwiftUpdateCheck = 1150;
				LastUpgradeCheck = 1150;
				ORGANIZATIONNAME = "Santiago Yeomans";
				TargetAttributes = {
					E62AF106251AFFB7005626A0 = {
						CreatedOnToolsVersion = 11.5;
					};
				};
			};
			buildConfigurationList = E62AF102251AFFB7005626A0 /* Build configuration list for PBXProject "Speech-Recognition" */;
			compatibilityVersion = "Xcode 9.3";
			developmentRegion = en;
			hasScannedForEncodings = 0;
			knownRegions = (
				en,
				Base,
			);
			mainGroup = E62AF0FE251AFFB7005626A0;
			productRefGroup = E62AF108251AFFB7005626A0 /* Products */;
			projectDirPath = "";
			projectRoot = "";
			targets = (
				E62AF106251AFFB7005626A0 /* Speech-Recognition */,
			);
		};
/* End PBXProject section */

/* Begin PBXResourcesBuildPhase section */
		E62AF105251AFFB7005626A0 /* Resources */ = {
			isa = PBXResourcesBuildPhase;
			buildActionMask = 2147483647;
			files = (
				E62AF117251AFFBC005626A0 /* LaunchScreen.storyboard in Resources */,
				E62AF114251AFFBC005626A0 /* Preview Assets.xcassets in Resources */,
				E62AF111251AFFBC005626A0 /* Assets.xcassets in Resources */,
			);
			runOnlyForDeploymentPostprocessing = 0;
		};
/* End PBXResourcesBuildPhase section */

/* Begin PBXSourcesBuildPhase section */
		E62AF103251AFFB7005626A0 /* Sources */ = {
			isa = PBXSourcesBuildPhase;
			buildActionMask = 2147483647;
			files = (
				E62AF10B251AFFB7005626A0 /* AppDelegate.swift in Sources */,
				E62AF10D251AFFB7005626A0 /* SceneDelegate.swift in Sources */,
				E62AF10F251AFFB7005626A0 /* ContentView.swift in Sources */,
			);
			runOnlyForDeploymentPostprocessing = 0;
		};
/* End PBXSourcesBuildPhase section */

/* Begin PBXVariantGroup section */
		E62AF115251AFFBC005626A0 /* LaunchScreen.storyboard */ = {
			isa = PBXVariantGroup;
			children = (
				E62AF116251AFFBC005626A0 /* Base */,
			);
			name = LaunchScreen.storyboard;
			sourceTree = "<group>";
		};
/* End PBXVariantGroup section */

/* Begin XCBuildConfiguration section */
		E62AF119251AFFBC005626A0 /* Debug */ = {
			isa = XCBuildConfiguration;
			buildSettings = {
				ALWAYS_SEARCH_USER_PATHS = NO;
				CLANG_ANALYZER_NONNULL = YES;
				CLANG_ANALYZER_NUMBER_OBJECT_CONVERSION = YES_AGGRESSIVE;
				CLANG_CXX_LANGUAGE_STANDARD = "gnu++14";
				CLANG_CXX_LIBRARY = "libc++";
				CLANG_ENABLE_MODULES = YES;
				CLANG_ENABLE_OBJC_ARC = YES;
				CLANG_ENABLE_OBJC_WEAK = YES;
				CLANG_WARN_BLOCK_CAPTURE_AUTORELEASING = YES;
				CLANG_WARN_BOOL_CONVERSION = YES;
				CLANG_WARN_COMMA = YES;
				CLANG_WARN_CONSTANT_CONVERSION = YES;
				CLANG_WARN_DEPRECATED_OBJC_IMPLEMENTATIONS = YES;
				CLANG_WARN_DIRECT_OBJC_ISA_USAGE = YES_ERROR;
				CLANG_WARN_DOCUMENTATION_COMMENTS = YES;
				CLANG_WARN_EMPTY_BODY = YES;
				CLANG_WARN_ENUM_CONVERSION = YES;
				CLANG_WARN_INFINITE_RECURSION = YES;
				CLANG_WARN_INT_CONVERSION = YES;
				CLANG_WARN_NON_LITERAL_NULL_CONVERSION = YES;
				CLANG_WARN_OBJC_IMPLICIT_RETAIN_SELF = YES;
				CLANG_WARN_OBJC_LITERAL_CONVERSION = YES;
				CLANG_WARN_OBJC_ROOT_CLASS = YES_ERROR;
				CLANG_WARN_RANGE_LOOP_ANALYSIS = YES;
				CLANG_WARN_STRICT_PROTOTYPES = YES;
				CLANG_WARN_SUSPICIOUS_MOVE = YES;
				CLANG_WARN_UNGUARDED_AVAILABILITY = YES_AGGRESSIVE;
				CLANG_WARN_UNREACHABLE_CODE = YES;
				CLANG_WARN__DUPLICATE_METHOD_MATCH = YES;
				COPY_PHASE_STRIP = NO;
				DEBUG_INFORMATION_FORMAT = dwarf;
				ENABLE_STRICT_OBJC_MSGSEND = YES;
				ENABLE_TESTABILITY = YES;
				GCC_C_LANGUAGE_STANDARD = gnu11;
				GCC_DYNAMIC_NO_PIC = NO;
				GCC_NO_COMMON_BLOCKS = YES;
				GCC_OPTIMIZATION_LEVEL = 0;
				GCC_PREPROCESSOR_DEFINITIONS = (
					"DEBUG=1",
					"$(inherited)",
				);
				GCC_WARN_64_TO_32_BIT_CONVERSION = YES;
				GCC_WARN_ABOUT_RETURN_TYPE = YES_ERROR;
				GCC_WARN_UNDECLARED_SELECTOR = YES;
				GCC_WARN_UNINITIALIZED_AUTOS = YES_AGGRESSIVE;
				GCC_WARN_UNUSED_FUNCTION = YES;
				GCC_WARN_UNUSED_VARIABLE = YES;
				IPHONEOS_DEPLOYMENT_TARGET = 13.5;
				MTL_ENABLE_DEBUG_INFO = INCLUDE_SOURCE;
				MTL_FAST_MATH = YES;
				ONLY_ACTIVE_ARCH = YES;
				SDKROOT = iphoneos;
				SWIFT_ACTIVE_COMPILATION_CONDITIONS = DEBUG;
				SWIFT_OPTIMIZATION_LEVEL = "-Onone";
			};
			name = Debug;
		};
		E62AF11A251AFFBC005626A0 /* Release */ = {
			isa = XCBuildConfiguration;
			buildSettings = {
				ALWAYS_SEARCH_USER_PATHS = NO;
				CLANG_ANALYZER_NONNULL = YES;
				CLANG_ANALYZER_NUMBER_OBJECT_CONVERSION = YES_AGGRESSIVE;
				CLANG_CXX_LANGUAGE_STANDARD = "gnu++14";
				CLANG_CXX_LIBRARY = "libc++";
				CLANG_ENABLE_MODULES = YES;
				CLANG_ENABLE_OBJC_ARC = YES;
				CLANG_ENABLE_OBJC_WEAK = YES;
				CLANG_WARN_BLOCK_CAPTURE_AUTORELEASING = YES;
				CLANG_WARN_BOOL_CONVERSION = YES;
				CLANG_WARN_COMMA = YES;
				CLANG_WARN_CONSTANT_CONVERSION = YES;
				CLANG_WARN_DEPRECATED_OBJC_IMPLEMENTATIONS = YES;
				CLANG_WARN_DIRECT_OBJC_ISA_USAGE = YES_ERROR;
				CLANG_WARN_DOCUMENTATION_COMMENTS = YES;
				CLANG_WARN_EMPTY_BODY = YES;
				CLANG_WARN_ENUM_CONVERSION = YES;
				CLANG_WARN_INFINITE_RECURSION = YES;
				CLANG_WARN_INT_CONVERSION = YES;
				CLANG_WARN_NON_LITERAL_NULL_CONVERSION = YES;
				CLANG_WARN_OBJC_IMPLICIT_RETAIN_SELF = YES;
				CLANG_WARN_OBJC_LITERAL_CONVERSION = YES;
				CLANG_WARN_OBJC_ROOT_CLASS = YES_ERROR;
				CLANG_WARN_RANGE_LOOP_ANALYSIS = YES;
				CLANG_WARN_STRICT_PROTOTYPES = YES;
				CLANG_WARN_SUSPICIOUS_MOVE = YES;
				CLANG_WARN_UNGUARDED_AVAILABILITY = YES_AGGRESSIVE;
				CLANG_WARN_UNREACHABLE_CODE = YES;
				CLANG_WARN__DUPLICATE_METHOD_MATCH = YES;
				COPY_PHASE_STRIP = NO;
				DEBUG_INFORMATION_FORMAT = "dwarf-with-dsym";
				ENABLE_NS_ASSERTIONS = NO;
				ENABLE_STRICT_OBJC_MSGSEND = YES;
				GCC_C_LANGUAGE_STANDARD = gnu11;
				GCC_NO_COMMON_BLOCKS = YES;
				GCC_WARN_64_TO_32_BIT_CONVERSION = YES;
				GCC_WARN_ABOUT_RETURN_TYPE = YES_ERROR;
				GCC_WARN_UNDECLARED_SELECTOR = YES;
				GCC_WARN_UNINITIALIZED_AUTOS = YES_AGGRESSIVE;
				GCC_WARN_UNUSED_FUNCTION = YES;
				GCC_WARN_UNUSED_VARIABLE = YES;
				IPHONEOS_DEPLOYMENT_TARGET = 13.5;
				MTL_ENABLE_DEBUG_INFO = NO;
				MTL_FAST_MATH = YES;
				SDKROOT = iphoneos;
				SWIFT_COMPILATION_MODE = wholemodule;
				SWIFT_OPTIMIZATION_LEVEL = "-O";
				VALIDATE_PRODUCT = YES;
			};
			name = Release;
		};
		E62AF11C251AFFBC005626A0 /* Debug */ = {
			isa = XCBuildConfiguration;
			buildSettings = {
				ASSETCATALOG_COMPILER_APPICON_NAME = AppIcon;
				CODE_SIGN_STYLE = Automatic;
				DEVELOPMENT_ASSET_PATHS = "\"Speech-Recognition/Preview Content\"";
				DEVELOPMENT_TEAM = ZNB3TG4R9B;
				ENABLE_PREVIEWS = YES;
				INFOPLIST_FILE = "Speech-Recognition/Info.plist";
				LD_RUNPATH_SEARCH_PATHS = (
					"$(inherited)",
					"@executable_path/Frameworks",
				);
				PRODUCT_BUNDLE_IDENTIFIER = "Santiago-Yeomans.Speech-Recognition";
				PRODUCT_NAME = "$(TARGET_NAME)";
				SWIFT_VERSION = 5.0;
				TARGETED_DEVICE_FAMILY = "1,2";
			};
			name = Debug;
		};
		E62AF11D251AFFBC005626A0 /* Release */ = {
			isa = XCBuildConfiguration;
			buildSettings = {
				ASSETCATALOG_COMPILER_APPICON_NAME = AppIcon;
				CODE_SIGN_STYLE = Automatic;
				DEVELOPMENT_ASSET_PATHS = "\"Speech-Recognition/Preview Content\"";
				DEVELOPMENT_TEAM = ZNB3TG4R9B;
				ENABLE_PREVIEWS = YES;
				INFOPLIST_FILE = "Speech-Recognition/Info.plist";
				LD_RUNPATH_SEARCH_PATHS = (
					"$(inherited)",
					"@executable_path/Frameworks",
				);
				PRODUCT_BUNDLE_IDENTIFIER = "Santiago-Yeomans.Speech-Recognition";
				PRODUCT_NAME = "$(TARGET_NAME)";
				SWIFT_VERSION = 5.0;
				TARGETED_DEVICE_FAMILY = "1,2";
			};
			name = Release;
		};
/* End XCBuildConfiguration section */

/* Begin XCConfigurationList section */
		E62AF102251AFFB7005626A0 /* Build configuration list for PBXProject "Speech-Recognition" */ = {
			isa = XCConfigurationList;
			buildConfigurations = (
				E62AF119251AFFBC005626A0 /* Debug */,
				E62AF11A251AFFBC005626A0 /* Release */,
			);
			defaultConfigurationIsVisible = 0;
			defaultConfigurationName = Release;
		};
		E62AF11B251AFFBC005626A0 /* Build configuration list for PBXNativeTarget "Speech-Recognition" */ = {
			isa = XCConfigurationList;
			buildConfigurations = (
				E62AF11C251AFFBC005626A0 /* Debug */,
				E62AF11D251AFFBC005626A0 /* Release */,
			);
			defaultConfigurationIsVisible = 0;
			defaultConfigurationName = Release;
		};
/* End XCConfigurationList section */
	};
	rootObject = E62AF0FF251AFFB7005626A0 /* Project object */;
}
